
Microsoft Visual Studio Solution File, Format Version 12.00
# Visual Studio Version 17
VisualStudioVersion = 17.11.35208.52
MinimumVisualStudioVersion = 10.0.40219.1
Project("{FAE04EC0-301F-11D3-BF4B-00C04F79EFBC}") = "EOI.Server", "EOI.Server\EOI.Server.csproj", "{B1672878-4C44-4DCB-9985-8F5CB24F3F66}"
EndProject
Project("{54A90642-561A-4BB1-A94E-469ADEE60C69}") = "eoi.client", "eoi.client\eoi.client.esproj", "{2D6C0945-ECC7-401D-9FD6-2140CD82A792}"
EndProject
Global
	GlobalSection(SolutionConfigurationPlatforms) = preSolution
		Debug|Any CPU = Debug|Any CPU
		Release|Any CPU = Release|Any CPU
	EndGlobalSection
	GlobalSection(ProjectConfigurationPlatforms) = postSolution
		{B1672878-4C44-4DCB-9985-8F5CB24F3F66}.Debug|Any CPU.ActiveCfg = Debug|Any CPU
		{B1672878-4C44-4DCB-9985-8F5CB24F3F66}.Debug|Any CPU.Build.0 = Debug|Any CPU
		{B1672878-4C44-4DCB-9985-8F5CB24F3F66}.Release|Any CPU.ActiveCfg = Release|Any CPU
		{B1672878-4C44-4DCB-9985-8F5CB24F3F66}.Release|Any CPU.Build.0 = Release|Any CPU
		{2D6C0945-ECC7-401D-9FD6-2140CD82A792}.Debug|Any CPU.ActiveCfg = Debug|Any CPU
		{2D6C0945-ECC7-401D-9FD6-2140CD82A792}.Debug|Any CPU.Build.0 = Debug|Any CPU
		{2D6C0945-ECC7-401D-9FD6-2140CD82A792}.Debug|Any CPU.Deploy.0 = Debug|Any CPU
		{2D6C0945-ECC7-401D-9FD6-2140CD82A792}.Release|Any CPU.ActiveCfg = Release|Any CPU
		{2D6C0945-ECC7-401D-9FD6-2140CD82A792}.Release|Any CPU.Build.0 = Release|Any CPU
		{2D6C0945-ECC7-401D-9FD6-2140CD82A792}.Release|Any CPU.Deploy.0 = Release|Any CPU
	EndGlobalSection
	GlobalSection(SolutionProperties) = preSolution
		HideSolutionNode = FALSE
	EndGlobalSection
	GlobalSection(ExtensibilityGlobals) = postSolution
		SolutionGuid = {C4D53DFD-58F4-42B2-BA1A-98F75F575F12}
	EndGlobalSection
EndGlobal
